
Microsoft Visual Studio Solution File, Format Version 12.00
# Visual Studio 14
VisualStudioVersion = 14.0.25420.1
MinimumVisualStudioVersion = 10.0.40219.1
Project("{9092AA53-FB77-4645-B42D-1CCCA6BD08BD}") = "Golf.js", "Golf.js\Golf.js.njsproj", "{72859AC7-C1FF-4A1F-999B-7496C9F6D108}"
EndProject
Project("{FAE04EC0-301F-11D3-BF4B-00C04F79EFBC}") = "Golf.Tournament", "Golf.Tournament\Golf.Tournament.csproj", "{359AED7B-F844-405A-AF3D-3DCA36D4FD02}"
EndProject
Project("{FAE04EC0-301F-11D3-BF4B-00C04F79EFBC}") = "Golf.Tournament.Tests", "Golf.Tournament.Tests\Golf.Tournament.Tests.csproj", "{8550CD2C-606B-4CE4-AA2E-4F83429E091F}"
EndProject
Project("{FAE04EC0-301F-11D3-BF4B-00C04F79EFBC}") = "Golf.Excel", "Golf.Excel\Golf.Excel\Golf.Excel.csproj", "{66251614-2C63-4B51-95D6-06D031A5D8E4}"
EndProject
Project("{FAE04EC0-301F-11D3-BF4B-00C04F79EFBC}") = "Golf.Models", "Golf.Models\Golf.Models.csproj", "{EB4818B6-D9B8-44EB-8A8E-CBF4B85D4FC4}"
EndProject
Project("{FAE04EC0-301F-11D3-BF4B-00C04F79EFBC}") = "Golf.Excel.Tests", "Golf.Excel.Tests\Golf.Excel.Tests.csproj", "{02F69949-F280-4BB6-AF68-BFBA937148B7}"
EndProject
Global
	GlobalSection(SolutionConfigurationPlatforms) = preSolution
		Debug|Any CPU = Debug|Any CPU
		Release|Any CPU = Release|Any CPU
	EndGlobalSection
	GlobalSection(ProjectConfigurationPlatforms) = postSolution
		{72859AC7-C1FF-4A1F-999B-7496C9F6D108}.Debug|Any CPU.ActiveCfg = Debug|Any CPU
		{72859AC7-C1FF-4A1F-999B-7496C9F6D108}.Debug|Any CPU.Build.0 = Debug|Any CPU
		{72859AC7-C1FF-4A1F-999B-7496C9F6D108}.Release|Any CPU.ActiveCfg = Release|Any CPU
		{72859AC7-C1FF-4A1F-999B-7496C9F6D108}.Release|Any CPU.Build.0 = Release|Any CPU
		{359AED7B-F844-405A-AF3D-3DCA36D4FD02}.Debug|Any CPU.ActiveCfg = Debug|Any CPU
		{359AED7B-F844-405A-AF3D-3DCA36D4FD02}.Debug|Any CPU.Build.0 = Debug|Any CPU
		{359AED7B-F844-405A-AF3D-3DCA36D4FD02}.Release|Any CPU.ActiveCfg = Release|Any CPU
		{359AED7B-F844-405A-AF3D-3DCA36D4FD02}.Release|Any CPU.Build.0 = Release|Any CPU
		{8550CD2C-606B-4CE4-AA2E-4F83429E091F}.Debug|Any CPU.ActiveCfg = Debug|Any CPU
		{8550CD2C-606B-4CE4-AA2E-4F83429E091F}.Debug|Any CPU.Build.0 = Debug|Any CPU
		{8550CD2C-606B-4CE4-AA2E-4F83429E091F}.Release|Any CPU.ActiveCfg = Release|Any CPU
		{8550CD2C-606B-4CE4-AA2E-4F83429E091F}.Release|Any CPU.Build.0 = Release|Any CPU
		{66251614-2C63-4B51-95D6-06D031A5D8E4}.Debug|Any CPU.ActiveCfg = Debug|Any CPU
		{66251614-2C63-4B51-95D6-06D031A5D8E4}.Debug|Any CPU.Build.0 = Debug|Any CPU
		{66251614-2C63-4B51-95D6-06D031A5D8E4}.Release|Any CPU.ActiveCfg = Release|Any CPU
		{66251614-2C63-4B51-95D6-06D031A5D8E4}.Release|Any CPU.Build.0 = Release|Any CPU
		{EB4818B6-D9B8-44EB-8A8E-CBF4B85D4FC4}.Debug|Any CPU.ActiveCfg = Debug|Any CPU
		{EB4818B6-D9B8-44EB-8A8E-CBF4B85D4FC4}.Debug|Any CPU.Build.0 = Debug|Any CPU
		{EB4818B6-D9B8-44EB-8A8E-CBF4B85D4FC4}.Release|Any CPU.ActiveCfg = Release|Any CPU
		{EB4818B6-D9B8-44EB-8A8E-CBF4B85D4FC4}.Release|Any CPU.Build.0 = Release|Any CPU
		{02F69949-F280-4BB6-AF68-BFBA937148B7}.Debug|Any CPU.ActiveCfg = Debug|Any CPU
		{02F69949-F280-4BB6-AF68-BFBA937148B7}.Debug|Any CPU.Build.0 = Debug|Any CPU
		{02F69949-F280-4BB6-AF68-BFBA937148B7}.Release|Any CPU.ActiveCfg = Release|Any CPU
		{02F69949-F280-4BB6-AF68-BFBA937148B7}.Release|Any CPU.Build.0 = Release|Any CPU
	EndGlobalSection
	GlobalSection(SolutionProperties) = preSolution
		HideSolutionNode = FALSE
	EndGlobalSection
EndGlobal
